// !$*UTF8*$!
{
	archiveVersion = 1;
	classes = {
	};
	objectVersion = 110;
	objects = {

/* Begin PBXContainerItemProxy section */
		0BF87DFD30613EBE00BBF53B /* PBXContainerItemProxy */ = {
			isa = PBXContainerItemProxy;
			containerPortal = 0BF87DE530613EBC00BBF53B /* Project object */;
			proxyType = 1;
			remoteGlobalIDString = 0BF87DEC30613EBC00BBF53B;
			remoteInfo = myWallet;
		};
		0BF87E0730613EBE00BBF53B /* PBXContainerItemProxy */ = {
			isa = PBXContainerItemProxy;
			containerPortal = 0BF87DE530613EBC00BBF53B /* Project object */;
			proxyType = 1;
			remoteGlobalIDString = 0BF87DEC30613EBC00BBF53B;
			remoteInfo = myWallet;
		};
/* End PBXContainerItemProxy section */

/* Begin PBXFileReference section */
		0BF87DED30613EBC00BBF53B /* myWallet.app */ = {isa = PBXFileReference; explicitFileType = wrapper.application; includeInIndex = 0; path = myWallet.app; sourceTree = BUILT_PRODUCTS_DIR; };
		0BF87DFC30613EBE00BBF53B /* myWalletTests.xctest */ = {isa = PBXFileReference; explicitFileType = wrapper.cfbundle; includeInIndex = 0; path = myWalletTests.xctest; sourceTree = BUILT_PRODUCTS_DIR; };
		0BF87E0630613EBE00BBF53B /* myWalletUITests.xctest */ = {isa = PBXFileReference; explicitFileType = wrapper.cfbundle; includeInIndex = 0; path = myWalletUITests.xctest; sourceTree = BUILT_PRODUCTS_DIR; };
/* End PBXFileReference section */

/* Begin PBXFileSystemSynchronizedRootGroup section */
		0BF87DEF30613EBC00BBF53B /* myWallet */ = {
			isa = PBXFileSystemSynchronizedRootGroup;
			path = myWallet;
			sourceTree = "<group>";
		};
		0BF87DFF30613EBE00BBF53B /* myWalletTests */ = {
			isa = PBXFileSystemSynchronizedRootGroup;
			path = myWalletTests;
			sourceTree = "<group>";
		};
		0BF87E0930613EBE00BBF53B /* myWalletUITests */ = {
			isa = PBXFileSystemSynchronizedRootGroup;
			path = myWalletUITests;
			sourceTree = "<group>";
		};
/* End PBXFileSystemSynchronizedRootGroup section */

/* Begin PBXFrameworksBuildPhase section */
		0BF87DEA30613EBC00BBF53B /* Frameworks */ = {
			isa = PBXFrameworksBuildPhase;
			files = (
			);
		};
		0BF87DF930613EBE00BBF53B /* Frameworks */ = {
			isa = PBXFrameworksBuildPhase;
			files = (
			);
		};
		0BF87E0330613EBE00BBF53B /* Frameworks */ = {
			isa = PBXFrameworksBuildPhase;
			files = (
			);
		};
/* End PBXFrameworksBuildPhase section */

/* Begin PBXGroup section */
		0BF87DE430613EBC00BBF53B = {
			isa = PBXGroup;
			children = (
				0BF87DEF30613EBC00BBF53B /* myWallet */,
				0BF87DFF30613EBE00BBF53B /* myWalletTests */,
				0BF87E0930613EBE00BBF53B /* myWalletUITests */,
				0BF87DEE30613EBC00BBF53B /* Products */,
			);
			sourceTree = "<group>";
		};
		0BF87DEE30613EBC00BBF53B /* Products */ = {
			isa = PBXGroup;
			children = (
				0BF87DED30613EBC00BBF53B /* myWallet.app */,
				0BF87DFC30613EBE00BBF53B /* myWalletTests.xctest */,
				0BF87E0630613EBE00BBF53B /* myWalletUITests.xctest */,
			);
			name = Products;
			sourceTree = "<group>";
		};
/* End PBXGroup section */

/* Begin PBXNativeTarget section */
		0BF87DEC30613EBC00BBF53B /* myWallet */ = {
			isa = PBXNativeTarget;
			buildConfigurationList = 0BF87E0E30613EBE00BBF53B /* Build configuration list for PBXNativeTarget "myWallet" */;
			buildPhases = (
				0BF87DE930613EBC00BBF53B /* Sources */,
				0BF87DEA30613EBC00BBF53B /* Frameworks */,
				0BF87DEB30613EBC00BBF53B /* Resources */,
			);
			buildRules = (
			);
			fileSystemSynchronizedGroups = (
				0BF87DEF30613EBC00BBF53B /* myWallet */,
			);
			name = myWallet;
			productName = myWallet;
			productReference = 0BF87DED30613EBC00BBF53B /* myWallet.app */;
			productType = "com.apple.product-type.application";
		};
		0BF87DFB30613EBE00BBF53B /* myWalletTests */ = {
			isa = PBXNativeTarget;
			buildConfigurationList = 0BF87E1130613EBE00BBF53B /* Build configuration list for PBXNativeTarget "myWalletTests" */;
			buildPhases = (
				0BF87DF830613EBE00BBF53B /* Sources */,
				0BF87DF930613EBE00BBF53B /* Frameworks */,
				0BF87DFA30613EBE00BBF53B /* Resources */,
			);
			buildRules = (
			);
			dependencies = (
				0BF87DFE30613EBE00BBF53B /* PBXTargetDependency */,
			);
			fileSystemSynchronizedGroups = (
				0BF87DFF30613EBE00BBF53B /* myWalletTests */,
			);
			name = myWalletTests;
			productName = myWalletTests;
			productReference = 0BF87DFC30613EBE00BBF53B /* myWalletTests.xctest */;
			productType = "com.apple.product-type.bundle.unit-test";
		};
		0BF87E0530613EBE00BBF53B /* myWalletUITests */ = {
			isa = PBXNativeTarget;
			buildConfigurationList = 0BF87E1430613EBE00BBF53B /* Build configuration list for PBXNativeTarget "myWalletUITests" */;
			buildPhases = (
				0BF87E0230613EBE00BBF53B /* Sources */,
				0BF87E0330613EBE00BBF53B /* Frameworks */,
				0BF87E0430613EBE00BBF53B /* Resources */,
			);
			buildRules = (
			);
			dependencies = (
				0BF87E0830613EBE00BBF53B /* PBXTargetDependency */,
			);
			fileSystemSynchronizedGroups = (
				0BF87E0930613EBE00BBF53B /* myWalletUITests */,
			);
			name = myWalletUITests;
			productName = myWalletUITests;
			productReference = 0BF87E0630613EBE00BBF53B /* myWalletUITests.xctest */;
			productType = "com.apple.product-type.bundle.ui-testing";
		};
/* End PBXNativeTarget section */

/* Begin PBXProject section */
		0BF87DE530613EBC00BBF53B /* Project object */ = {
			isa = PBXProject;
			attributes = {
				BuildIndependentTargetsInParallel = 1;
				LastSwiftUpdateCheck = 2700;
				LastUpgradeCheck = 2700;
				TargetAttributes = {
					0BF87DEC30613EBC00BBF53B = {
						CreatedOnToolsVersion = 27.0;
					};
					0BF87DFB30613EBE00BBF53B = {
						CreatedOnToolsVersion = 27.0;
						TestTargetID = 0BF87DEC30613EBC00BBF53B;
					};
					0BF87E0530613EBE00BBF53B = {
						CreatedOnToolsVersion = 27.0;
						TestTargetID = 0BF87DEC30613EBC00BBF53B;
					};
				};
			};
			buildConfigurationList = 0BF87DE830613EBC00BBF53B /* Build configuration list for PBXProject "myWallet" */;
			developmentRegion = en;
			hasScannedForEncodings = 0;
			knownRegions = (
				en,
				Base,
			);
			mainGroup = 0BF87DE430613EBC00BBF53B;
			minimizedProjectReferenceProxies = 1;
			preferredProjectObjectVersion = 77;
			productRefGroup = 0BF87DEE30613EBC00BBF53B /* Products */;
			projectDirPath = "";
			projectRoot = "";
			targets = (
				0BF87DEC30613EBC00BBF53B /* myWallet */,
				0BF87DFB30613EBE00BBF53B /* myWalletTests */,
				0BF87E0530613EBE00BBF53B /* myWalletUITests */,
			);
		};
/* End PBXProject section */

/* Begin PBXResourcesBuildPhase section */
		0BF87DEB30613EBC00BBF53B /* Resources */ = {
			isa = PBXResourcesBuildPhase;
			files = (
			);
		};
		0BF87DFA30613EBE00BBF53B /* Resources */ = {
			isa = PBXResourcesBuildPhase;
			files = (
			);
		};
		0BF87E0430613EBE00BBF53B /* Resources */ = {
			isa = PBXResourcesBuildPhase;
			files = (
			);
		};
/* End PBXResourcesBuildPhase section */

/* Begin PBXSourcesBuildPhase section */
		0BF87DE930613EBC00BBF53B /* Sources */ = {
			isa = PBXSourcesBuildPhase;
			files = (
			);
		};
		0BF87DF830613EBE00BBF53B /* Sources */ = {
			isa = PBXSourcesBuildPhase;
			files = (
			);
		};
		0BF87E0230613EBE00BBF53B /* Sources */ = {
			isa = PBXSourcesBuildPhase;
			files = (
			);
		};
/* End PBXSourcesBuildPhase section */

/* Begin PBXTargetDependency section */
		0BF87DFE30613EBE00BBF53B /* PBXTargetDependency */ = {
			isa = PBXTargetDependency;
			target = 0BF87DEC30613EBC00BBF53B /* myWallet */;
			targetProxy = 0BF87DFD30613EBE00BBF53B /* PBXContainerItemProxy */;
		};
		0BF87E0830613EBE00BBF53B /* PBXTargetDependency */ = {
			isa = PBXTargetDependency;
			target = 0BF87DEC30613EBC00BBF53B /* myWallet */;
			targetProxy = 0BF87E0730613EBE00BBF53B /* PBXContainerItemProxy */;
		};
/* End PBXTargetDependency section */

/* Begin XCBuildConfiguration section */
		0BF87E0C30613EBE00BBF53B /* Debug configuration for PBXProject "myWallet" */ = {
			isa = XCBuildConfiguration;
			buildSettings = {
				ALWAYS_SEARCH_USER_PATHS = NO;
				ASSETCATALOG_COMPILER_GENERATE_SWIFT_ASSET_SYMBOL_EXTENSIONS = YES;
				CLANG_ANALYZER_NONNULL = YES;
				CLANG_ANALYZER_NUMBER_OBJECT_CONVERSION = YES_AGGRESSIVE;
				CLANG_CXX_LANGUAGE_STANDARD = "gnu++20";
				CLANG_ENABLE_MODULES = YES;
				CLANG_ENABLE_OBJC_ARC = YES;
				CLANG_ENABLE_OBJC_WEAK = YES;
				CLANG_WARN_BLOCK_CAPTURE_AUTORELEASING = YES;
				CLANG_WARN_BOOL_CONVERSION = YES;
				CLANG_WARN_COMMA = YES;
				CLANG_WARN_CONSTANT_CONVERSION = YES;
				CLANG_WARN_DEPRECATED_OBJC_IMPLEMENTATIONS = YES;
				CLANG_WARN_DIRECT_OBJC_ISA_USAGE = YES_ERROR;
				CLANG_WARN_DOCUMENTATION_COMMENTS = YES;
				CLANG_WARN_EMPTY_BODY = YES;
				CLANG_WARN_ENUM_CONVERSION = YES;
				CLANG_WARN_INFINITE_RECURSION = YES;
				CLANG_WARN_INT_CONVERSION = YES;
				CLANG_WARN_NON_LITERAL_NULL_CONVERSION = YES;
				CLANG_WARN_OBJC_IMPLICIT_RETAIN_SELF = YES;
				CLANG_WARN_OBJC_LITERAL_CONVERSION = YES;
				CLANG_WARN_OBJC_ROOT_CLASS = YES_ERROR;
				CLANG_WARN_QUOTED_INCLUDE_IN_FRAMEWORK_HEADER = YES;
				CLANG_WARN_RANGE_LOOP_ANALYSIS = YES;
				CLANG_WARN_STRICT_PROTOTYPES = YES;
				CLANG_WARN_SUSPICIOUS_MOVE = YES;
				CLANG_WARN_UNGUARDED_AVAILABILITY = YES_AGGRESSIVE;
				CLANG_WARN_UNREACHABLE_CODE = YES;
				CLANG_WARN__DUPLICATE_METHOD_MATCH = YES;
				COPY_PHASE_STRIP = NO;
				DEBUG_INFORMATION_FORMAT = dwarf;
				DEVELOPMENT_TEAM = TXAVB9PUM8;
				ENABLE_STRICT_OBJC_MSGSEND = YES;
				ENABLE_TESTABILITY = YES;
				ENABLE_USER_SCRIPT_SANDBOXING = YES;
				GCC_C_LANGUAGE_STANDARD = gnu17;
				GCC_DYNAMIC_NO_PIC = NO;
				GCC_NO_COMMON_BLOCKS = YES;
				GCC_OPTIMIZATION_LEVEL = 0;
				GCC_PREPROCESSOR_DEFINITIONS = (
					"DEBUG=1",
					"$(inherited)",
				);
				GCC_WARN_64_TO_32_BIT_CONVERSION = YES;
				GCC_WARN_ABOUT_RETURN_TYPE = YES_ERROR;
				GCC_WARN_UNDECLARED_SELECTOR = YES;
				GCC_WARN_UNINITIALIZED_AUTOS = YES_AGGRESSIVE;
				GCC_WARN_UNUSED_FUNCTION = YES;
				GCC_WARN_UNUSED_VARIABLE = YES;
				LOCALIZATION_PREFERS_STRING_CATALOGS = YES;
				MTL_ENABLE_DEBUG_INFO = INCLUDE_SOURCE;
				MTL_FAST_MATH = YES;
				ONLY_ACTIVE_ARCH = YES;
				SWIFT_ACTIVE_COMPILATION_CONDITIONS = "DEBUG $(inherited)";
				SWIFT_OPTIMIZATION_LEVEL = "-Onone";
			};
			name = Debug;
		};
		0BF87E0D30613EBE00BBF53B /* Release configuration for PBXProject "myWallet" */ = {
			isa = XCBuildConfiguration;
			buildSettings = {
				ALWAYS_SEARCH_USER_PATHS = NO;
				ASSETCATALOG_COMPILER_GENERATE_SWIFT_ASSET_SYMBOL_EXTENSIONS = YES;
				CLANG_ANALYZER_NONNULL = YES;
				CLANG_ANALYZER_NUMBER_OBJECT_CONVERSION = YES_AGGRESSIVE;
				CLANG_CXX_LANGUAGE_STANDARD = "gnu++20";
				CLANG_ENABLE_MODULES = YES;
				CLANG_ENABLE_OBJC_ARC = YES;
				CLANG_ENABLE_OBJC_WEAK = YES;
				CLANG_WARN_BLOCK_CAPTURE_AUTORELEASING = YES;
				CLANG_WARN_BOOL_CONVERSION = YES;
				CLANG_WARN_COMMA = YES;
				CLANG_WARN_CONSTANT_CONVERSION = YES;
				CLANG_WARN_DEPRECATED_OBJC_IMPLEMENTATIONS = YES;
				CLANG_WARN_DIRECT_OBJC_ISA_USAGE = YES_ERROR;
				CLANG_WARN_DOCUMENTATION_COMMENTS = YES;
				CLANG_WARN_EMPTY_BODY = YES;
				CLANG_WARN_ENUM_CONVERSION = YES;
				CLANG_WARN_INFINITE_RECURSION = YES;
				CLANG_WARN_INT_CONVERSION = YES;
				CLANG_WARN_NON_LITERAL_NULL_CONVERSION = YES;
				CLANG_WARN_OBJC_IMPLICIT_RETAIN_SELF = YES;
				CLANG_WARN_OBJC_LITERAL_CONVERSION = YES;
				CLANG_WARN_OBJC_ROOT_CLASS = YES_ERROR;
				CLANG_WARN_QUOTED_INCLUDE_IN_FRAMEWORK_HEADER = YES;
				CLANG_WARN_RANGE_LOOP_ANALYSIS = YES;
				CLANG_WARN_STRICT_PROTOTYPES = YES;
				CLANG_WARN_SUSPICIOUS_MOVE = YES;
				CLANG_WARN_UNGUARDED_AVAILABILITY = YES_AGGRESSIVE;
				CLANG_WARN_UNREACHABLE_CODE = YES;
				CLANG_WARN__DUPLICATE_METHOD_MATCH = YES;
				COPY_PHASE_STRIP = NO;
				DEBUG_INFORMATION_FORMAT = "dwarf-with-dsym";
				DEVELOPMENT_TEAM = TXAVB9PUM8;
				ENABLE_NS_ASSERTIONS = NO;
				ENABLE_STRICT_OBJC_MSGSEND = YES;
				ENABLE_USER_SCRIPT_SANDBOXING = YES;
				GCC_C_LANGUAGE_STANDARD = gnu17;
				GCC_NO_COMMON_BLOCKS = YES;
				GCC_WARN_64_TO_32_BIT_CONVERSION = YES;
				GCC_WARN_ABOUT_RETURN_TYPE = YES_ERROR;
				GCC_WARN_UNDECLARED_SELECTOR = YES;
				GCC_WARN_UNINITIALIZED_AUTOS = YES_AGGRESSIVE;
				GCC_WARN_UNUSED_FUNCTION = YES;
				GCC_WARN_UNUSED_VARIABLE = YES;
				LOCALIZATION_PREFERS_STRING_CATALOGS = YES;
				MTL_ENABLE_DEBUG_INFO = NO;
				MTL_FAST_MATH = YES;
				SWIFT_COMPILATION_MODE = wholemodule;
			};
			name = Release;
		};
		0BF87E0F30613EBE00BBF53B /* Debug configuration for PBXNativeTarget "myWallet" */ = {
			isa = XCBuildConfiguration;
			buildSettings = {
				ASSETCATALOG_COMPILER_APPICON_NAME = MyWalletIcon;
				ASSETCATALOG_COMPILER_GLOBAL_ACCENT_COLOR_NAME = AccentColor;
				CODE_SIGN_STYLE = Automatic;
				CURRENT_PROJECT_VERSION = 1;
				DEVELOPMENT_TEAM = TXAVB9PUM8;
				ENABLE_APP_SANDBOX = YES;
				ENABLE_HARDENED_RUNTIME = YES;
				ENABLE_PREVIEWS = YES;
				ENABLE_USER_SELECTED_FILES = readonly;
				GENERATE_INFOPLIST_FILE = YES;
				INFOPLIST_KEY_LSApplicationCategoryType = "public.app-category.finance";
				"INFOPLIST_KEY_UIApplicationSceneManifest_Generation[sdk=iphoneos*]" = YES;
				"INFOPLIST_KEY_UIApplicationSceneManifest_Generation[sdk=iphonesimulator*]" = YES;
				"INFOPLIST_KEY_UIApplicationSupportsIndirectInputEvents[sdk=iphoneos*]" = YES;
				"INFOPLIST_KEY_UIApplicationSupportsIndirectInputEvents[sdk=iphonesimulator*]" = YES;
				"INFOPLIST_KEY_UILaunchScreen_Generation[sdk=iphoneos*]" = YES;
				"INFOPLIST_KEY_UILaunchScreen_Generation[sdk=iphonesimulator*]" = YES;
				"INFOPLIST_KEY_UIStatusBarStyle[sdk=iphoneos*]" = UIStatusBarStyleDefault;
				"INFOPLIST_KEY_UIStatusBarStyle[sdk=iphonesimulator*]" = UIStatusBarStyleDefault;
				INFOPLIST_KEY_UISupportedInterfaceOrientations = UIInterfaceOrientationPortrait;
				INFOPLIST_KEY_UISupportedInterfaceOrientations_iPad = "UIInterfaceOrientationLandscapeLeft UIInterfaceOrientationLandscapeRight UIInterfaceOrientationPortrait UIInterfaceOrientationPortraitUpsideDown";
				IPHONEOS_DEPLOYMENT_TARGET = 17.6;
				LD_RUNPATH_SEARCH_PATHS = "@executable_path/Frameworks";
				"LD_RUNPATH_SEARCH_PATHS[sdk=macosx*]" = "@executable_path/../Frameworks";
				MACOSX_DEPLOYMENT_TARGET = 14.6;
				MARKETING_VERSION = 1.0.0;
				PRODUCT_BUNDLE_IDENTIFIER = dev.yelinaung.myWallet;
				PRODUCT_NAME = "$(TARGET_NAME)";
				REGISTER_APP_GROUPS = YES;
				SDKROOT = auto;
				STRING_CATALOG_GENERATE_SYMBOLS = YES;
				SUPPORTED_PLATFORMS = "iphoneos iphonesimulator macosx xros xrsimulator";
				SWIFT_APPROACHABLE_CONCURRENCY = YES;
				SWIFT_DEFAULT_ACTOR_ISOLATION = MainActor;
				SWIFT_EMIT_LOC_STRINGS = YES;
				SWIFT_UPCOMING_FEATURE_MEMBER_IMPORT_VISIBILITY = YES;
				SWIFT_VERSION = 5.0;
				TARGETED_DEVICE_FAMILY = "1,2,7";
				XROS_DEPLOYMENT_TARGET = 2.6;
			};
			name = Debug;
		};
		0BF87E1030613EBE00BBF53B /* Release configuration for PBXNativeTarget "myWallet" */ = {
			isa = XCBuildConfiguration;
			buildSettings = {
				ASSETCATALOG_COMPILER_APPICON_NAME = MyWalletIcon;
				ASSETCATALOG_COMPILER_GLOBAL_ACCENT_COLOR_NAME = AccentColor;
				CODE_SIGN_STYLE = Automatic;
				CURRENT_PROJECT_VERSION = 1;
				DEVELOPMENT_TEAM = TXAVB9PUM8;
				ENABLE_APP_SANDBOX = YES;
				ENABLE_HARDENED_RUNTIME = YES;
				ENABLE_PREVIEWS = YES;
				ENABLE_USER_SELECTED_FILES = readonly;
				GENERATE_INFOPLIST_FILE = YES;
				INFOPLIST_KEY_LSApplicationCategoryType = "public.app-category.finance";
				"INFOPLIST_KEY_UIApplicationSceneManifest_Generation[sdk=iphoneos*]" = YES;
				"INFOPLIST_KEY_UIApplicationSceneManifest_Generation[sdk=iphonesimulator*]" = YES;
				"INFOPLIST_KEY_UIApplicationSupportsIndirectInputEvents[sdk=iphoneos*]" = YES;
				"INFOPLIST_KEY_UIApplicationSupportsIndirectInputEvents[sdk=iphonesimulator*]" = YES;
				"INFOPLIST_KEY_UILaunchScreen_Generation[sdk=iphoneos*]" = YES;
				"INFOPLIST_KEY_UILaunchScreen_Generation[sdk=iphonesimulator*]" = YES;
				"INFOPLIST_KEY_UIStatusBarStyle[sdk=iphoneos*]" = UIStatusBarStyleDefault;
				"INFOPLIST_KEY_UIStatusBarStyle[sdk=iphonesimulator*]" = UIStatusBarStyleDefault;
				INFOPLIST_KEY_UISupportedInterfaceOrientations = UIInterfaceOrientationPortrait;
				INFOPLIST_KEY_UISupportedInterfaceOrientations_iPad = "UIInterfaceOrientationLandscapeLeft UIInterfaceOrientationLandscapeRight UIInterfaceOrientationPortrait UIInterfaceOrientationPortraitUpsideDown";
				IPHONEOS_DEPLOYMENT_TARGET = 17.6;
				LD_RUNPATH_SEARCH_PATHS = "@executable_path/Frameworks";
				"LD_RUNPATH_SEARCH_PATHS[sdk=macosx*]" = "@executable_path/../Frameworks";
				MACOSX_DEPLOYMENT_TARGET = 14.6;
				MARKETING_VERSION = 1.0.0;
				PRODUCT_BUNDLE_IDENTIFIER = dev.yelinaung.myWallet;
				PRODUCT_NAME = "$(TARGET_NAME)";
				REGISTER_APP_GROUPS = YES;
				SDKROOT = auto;
				STRING_CATALOG_GENERATE_SYMBOLS = YES;
				SUPPORTED_PLATFORMS = "iphoneos iphonesimulator macosx xros xrsimulator";
				SWIFT_APPROACHABLE_CONCURRENCY = YES;
				SWIFT_DEFAULT_ACTOR_ISOLATION = MainActor;
				SWIFT_EMIT_LOC_STRINGS = YES;
				SWIFT_UPCOMING_FEATURE_MEMBER_IMPORT_VISIBILITY = YES;
				SWIFT_VERSION = 5.0;
				TARGETED_DEVICE_FAMILY = "1,2,7";
				XROS_DEPLOYMENT_TARGET = 2.6;
			};
			name = Release;
		};
		0BF87E1230613EBE00BBF53B /* Debug configuration for PBXNativeTarget "myWalletTests" */ = {
			isa = XCBuildConfiguration;
			buildSettings = {
				BUNDLE_LOADER = "$(TEST_HOST)";
				CODE_SIGN_STYLE = Automatic;
				CURRENT_PROJECT_VERSION = 1;
				DEVELOPMENT_TEAM = TXAVB9PUM8;
				GENERATE_INFOPLIST_FILE = YES;
				IPHONEOS_DEPLOYMENT_TARGET = 27.0;
				MACOSX_DEPLOYMENT_TARGET = 27.0;
				MARKETING_VERSION = 1.0;
				PRODUCT_BUNDLE_IDENTIFIER = dev.yelinaung.myWalletTests;
				PRODUCT_NAME = "$(TARGET_NAME)";
				SDKROOT = auto;
				STRING_CATALOG_GENERATE_SYMBOLS = NO;
				SUPPORTED_PLATFORMS = "iphoneos iphonesimulator macosx xros xrsimulator";
				SWIFT_APPROACHABLE_CONCURRENCY = YES;
				SWIFT_EMIT_LOC_STRINGS = NO;
				SWIFT_UPCOMING_FEATURE_MEMBER_IMPORT_VISIBILITY = YES;
				SWIFT_VERSION = 5.0;
				TARGETED_DEVICE_FAMILY = "1,2,7";
				TEST_HOST = "$(BUILT_PRODUCTS_DIR)/myWallet.app/$(BUNDLE_EXECUTABLE_FOLDER_PATH)/myWallet";
				XROS_DEPLOYMENT_TARGET = 27.0;
			};
			name = Debug;
		};
		0BF87E1330613EBE00BBF53B /* Release configuration for PBXNativeTarget "myWalletTests" */ = {
			isa = XCBuildConfiguration;
			buildSettings = {
				BUNDLE_LOADER = "$(TEST_HOST)";
				CODE_SIGN_STYLE = Automatic;
				CURRENT_PROJECT_VERSION = 1;
				DEVELOPMENT_TEAM = TXAVB9PUM8;
				GENERATE_INFOPLIST_FILE = YES;
				IPHONEOS_DEPLOYMENT_TARGET = 27.0;
				MACOSX_DEPLOYMENT_TARGET = 27.0;
				MARKETING_VERSION = 1.0;
				PRODUCT_BUNDLE_IDENTIFIER = dev.yelinaung.myWalletTests;
				PRODUCT_NAME = "$(TARGET_NAME)";
				SDKROOT = auto;
				STRING_CATALOG_GENERATE_SYMBOLS = NO;
				SUPPORTED_PLATFORMS = "iphoneos iphonesimulator macosx xros xrsimulator";
				SWIFT_APPROACHABLE_CONCURRENCY = YES;
				SWIFT_EMIT_LOC_STRINGS = NO;
				SWIFT_UPCOMING_FEATURE_MEMBER_IMPORT_VISIBILITY = YES;
				SWIFT_VERSION = 5.0;
				TARGETED_DEVICE_FAMILY = "1,2,7";
				TEST_HOST = "$(BUILT_PRODUCTS_DIR)/myWallet.app/$(BUNDLE_EXECUTABLE_FOLDER_PATH)/myWallet";
				XROS_DEPLOYMENT_TARGET = 27.0;
			};
			name = Release;
		};
		0BF87E1530613EBE00BBF53B /* Debug configuration for PBXNativeTarget "myWalletUITests" */ = {
			isa = XCBuildConfiguration;
			buildSettings = {
				CODE_SIGN_STYLE = Automatic;
				CURRENT_PROJECT_VERSION = 1;
				DEVELOPMENT_TEAM = TXAVB9PUM8;
				GENERATE_INFOPLIST_FILE = YES;
				IPHONEOS_DEPLOYMENT_TARGET = 27.0;
				MACOSX_DEPLOYMENT_TARGET = 27.0;
				MARKETING_VERSION = 1.0;
				PRODUCT_BUNDLE_IDENTIFIER = dev.yelinaung.myWalletUITests;
				PRODUCT_NAME = "$(TARGET_NAME)";
				SDKROOT = auto;
				STRING_CATALOG_GENERATE_SYMBOLS = NO;
				SUPPORTED_PLATFORMS = "iphoneos iphonesimulator macosx xros xrsimulator";
				SWIFT_APPROACHABLE_CONCURRENCY = YES;
				SWIFT_EMIT_LOC_STRINGS = NO;
				SWIFT_UPCOMING_FEATURE_MEMBER_IMPORT_VISIBILITY = YES;
				SWIFT_VERSION = 5.0;
				TARGETED_DEVICE_FAMILY = "1,2,7";
				TEST_TARGET_NAME = myWallet;
				XROS_DEPLOYMENT_TARGET = 27.0;
			};
			name = Debug;
		};
		0BF87E1630613EBE00BBF53B /* Release configuration for PBXNativeTarget "myWalletUITests" */ = {
			isa = XCBuildConfiguration;
			buildSettings = {
				CODE_SIGN_STYLE = Automatic;
				CURRENT_PROJECT_VERSION = 1;
				DEVELOPMENT_TEAM = TXAVB9PUM8;
				GENERATE_INFOPLIST_FILE = YES;
				IPHONEOS_DEPLOYMENT_TARGET = 27.0;
				MACOSX_DEPLOYMENT_TARGET = 27.0;
				MARKETING_VERSION = 1.0;
				PRODUCT_BUNDLE_IDENTIFIER = dev.yelinaung.myWalletUITests;
				PRODUCT_NAME = "$(TARGET_NAME)";
				SDKROOT = auto;
				STRING_CATALOG_GENERATE_SYMBOLS = NO;
				SUPPORTED_PLATFORMS = "iphoneos iphonesimulator macosx xros xrsimulator";
				SWIFT_APPROACHABLE_CONCURRENCY = YES;
				SWIFT_EMIT_LOC_STRINGS = NO;
				SWIFT_UPCOMING_FEATURE_MEMBER_IMPORT_VISIBILITY = YES;
				SWIFT_VERSION = 5.0;
				TARGETED_DEVICE_FAMILY = "1,2,7";
				TEST_TARGET_NAME = myWallet;
				XROS_DEPLOYMENT_TARGET = 27.0;
			};
			name = Release;
		};
/* End XCBuildConfiguration section */

/* Begin XCConfigurationList section */
		0BF87DE830613EBC00BBF53B /* Build configuration list for PBXProject "myWallet" */ = {
			isa = XCConfigurationList;
			buildConfigurations = (
				0BF87E0C30613EBE00BBF53B /* Debug configuration for PBXProject "myWallet" */,
				0BF87E0D30613EBE00BBF53B /* Release configuration for PBXProject "myWallet" */,
			);
			defaultConfigurationName = Release;
		};
		0BF87E0E30613EBE00BBF53B /* Build configuration list for PBXNativeTarget "myWallet" */ = {
			isa = XCConfigurationList;
			buildConfigurations = (
				0BF87E0F30613EBE00BBF53B /* Debug configuration for PBXNativeTarget "myWallet" */,
				0BF87E1030613EBE00BBF53B /* Release configuration for PBXNativeTarget "myWallet" */,
			);
			defaultConfigurationName = Release;
		};
		0BF87E1130613EBE00BBF53B /* Build configuration list for PBXNativeTarget "myWalletTests" */ = {
			isa = XCConfigurationList;
			buildConfigurations = (
				0BF87E1230613EBE00BBF53B /* Debug configuration for PBXNativeTarget "myWalletTests" */,
				0BF87E1330613EBE00BBF53B /* Release configuration for PBXNativeTarget "myWalletTests" */,
			);
			defaultConfigurationName = Release;
		};
		0BF87E1430613EBE00BBF53B /* Build configuration list for PBXNativeTarget "myWalletUITests" */ = {
			isa = XCConfigurationList;
			buildConfigurations = (
				0BF87E1530613EBE00BBF53B /* Debug configuration for PBXNativeTarget "myWalletUITests" */,
				0BF87E1630613EBE00BBF53B /* Release configuration for PBXNativeTarget "myWalletUITests" */,
			);
			defaultConfigurationName = Release;
		};
/* End XCConfigurationList section */
	};
	rootObject = 0BF87DE530613EBC00BBF53B /* Project object */;
	validationLevel = 1;
}
